
Microsoft Visual Studio Solution File, Format Version 12.00
# Visual Studio Version 16
VisualStudioVersion = 16.0.30717.126
MinimumVisualStudioVersion = 10.0.40219.1
Project("{9A19103F-16F7-4668-BE54-9A1E7A4F7556}") = "GeoToDo.Entities", "GeoToDo.Entities\GeoToDo.Entities.csproj", "{CA3978FD-1B4D-4901-8E18-F0284525E02E}"
EndProject
Project("{9A19103F-16F7-4668-BE54-9A1E7A4F7556}") = "GeoToDo.DataAccess", "GeoToDo.DataAccess\GeoToDo.DataAccess.csproj", "{810B4725-47FF-48B3-8A46-4DAB5C20A0DC}"
EndProject
Project("{FAE04EC0-301F-11D3-BF4B-00C04F79EFBC}") = "GeoToDo.Business", "GeoToDo.Business\GeoToDo.Business.csproj", "{A7D29B43-B0E6-4746-806A-B0ABF23D23D8}"
EndProject
Project("{FAE04EC0-301F-11D3-BF4B-00C04F79EFBC}") = "GeoToDo.WebApi", "GeoToDo.WebApi\GeoToDo.WebApi.csproj", "{9789B5A1-7C28-4486-A434-C4F99D87C975}"
EndProject
Global
	GlobalSection(SolutionConfigurationPlatforms) = preSolution
		Debug|Any CPU = Debug|Any CPU
		Release|Any CPU = Release|Any CPU
	EndGlobalSection
	GlobalSection(ProjectConfigurationPlatforms) = postSolution
		{CA3978FD-1B4D-4901-8E18-F0284525E02E}.Debug|Any CPU.ActiveCfg = Debug|Any CPU
		{CA3978FD-1B4D-4901-8E18-F0284525E02E}.Debug|Any CPU.Build.0 = Debug|Any CPU
		{CA3978FD-1B4D-4901-8E18-F0284525E02E}.Release|Any CPU.ActiveCfg = Release|Any CPU
		{CA3978FD-1B4D-4901-8E18-F0284525E02E}.Release|Any CPU.Build.0 = Release|Any CPU
		{810B4725-47FF-48B3-8A46-4DAB5C20A0DC}.Debug|Any CPU.ActiveCfg = Debug|Any CPU
		{810B4725-47FF-48B3-8A46-4DAB5C20A0DC}.Debug|Any CPU.Build.0 = Debug|Any CPU
		{810B4725-47FF-48B3-8A46-4DAB5C20A0DC}.Release|Any CPU.ActiveCfg = Release|Any CPU
		{810B4725-47FF-48B3-8A46-4DAB5C20A0DC}.Release|Any CPU.Build.0 = Release|Any CPU
		{A7D29B43-B0E6-4746-806A-B0ABF23D23D8}.Debug|Any CPU.ActiveCfg = Debug|Any CPU
		{A7D29B43-B0E6-4746-806A-B0ABF23D23D8}.Debug|Any CPU.Build.0 = Debug|Any CPU
		{A7D29B43-B0E6-4746-806A-B0ABF23D23D8}.Release|Any CPU.ActiveCfg = Release|Any CPU
		{A7D29B43-B0E6-4746-806A-B0ABF23D23D8}.Release|Any CPU.Build.0 = Release|Any CPU
		{9789B5A1-7C28-4486-A434-C4F99D87C975}.Debug|Any CPU.ActiveCfg = Debug|Any CPU
		{9789B5A1-7C28-4486-A434-C4F99D87C975}.Debug|Any CPU.Build.0 = Debug|Any CPU
		{9789B5A1-7C28-4486-A434-C4F99D87C975}.Release|Any CPU.ActiveCfg = Release|Any CPU
		{9789B5A1-7C28-4486-A434-C4F99D87C975}.Release|Any CPU.Build.0 = Release|Any CPU
	EndGlobalSection
	GlobalSection(SolutionProperties) = preSolution
		HideSolutionNode = FALSE
	EndGlobalSection
	GlobalSection(ExtensibilityGlobals) = postSolution
		SolutionGuid = {72A7E911-FD45-4A39-A274-F11621A51BFF}
	EndGlobalSection
EndGlobal
